
Microsoft Visual Studio Solution File, Format Version 12.00
# Visual Studio Version 17
VisualStudioVersion = 17.14.36623.8
MinimumVisualStudioVersion = 10.0.40219.1
Project("{FAE04EC0-301F-11D3-BF4B-00C04F79EFBC}") = "EasyPedidos", "EasyPedidos.csproj", "{A1334FD9-C187-48E8-9A3B-58FB0372DF94}"
EndProject
Project("{FAE04EC0-301F-11D3-BF4B-00C04F79EFBC}") = "Entidades", "..\Entidades\Entidades.csproj", "{E4792163-5E9F-4CBA-A3E3-AA598C1A3FFA}"
EndProject
Global
	GlobalSection(SolutionConfigurationPlatforms) = preSolution
		Debug|Any CPU = Debug|Any CPU
		Release|Any CPU = Release|Any CPU
	EndGlobalSection
	GlobalSection(ProjectConfigurationPlatforms) = postSolution
		{A1334FD9-C187-48E8-9A3B-58FB0372DF94}.Debug|Any CPU.ActiveCfg = Debug|Any CPU
		{A1334FD9-C187-48E8-9A3B-58FB0372DF94}.Debug|Any CPU.Build.0 = Debug|Any CPU
		{A1334FD9-C187-48E8-9A3B-58FB0372DF94}.Debug|Any CPU.Deploy.0 = Debug|Any CPU
		{A1334FD9-C187-48E8-9A3B-58FB0372DF94}.Release|Any CPU.ActiveCfg = Release|Any CPU
		{A1334FD9-C187-48E8-9A3B-58FB0372DF94}.Release|Any CPU.Build.0 = Release|Any CPU
		{A1334FD9-C187-48E8-9A3B-58FB0372DF94}.Release|Any CPU.Deploy.0 = Release|Any CPU
		{E4792163-5E9F-4CBA-A3E3-AA598C1A3FFA}.Debug|Any CPU.ActiveCfg = Debug|Any CPU
		{E4792163-5E9F-4CBA-A3E3-AA598C1A3FFA}.Debug|Any CPU.Build.0 = Debug|Any CPU
		{E4792163-5E9F-4CBA-A3E3-AA598C1A3FFA}.Release|Any CPU.ActiveCfg = Release|Any CPU
		{E4792163-5E9F-4CBA-A3E3-AA598C1A3FFA}.Release|Any CPU.Build.0 = Release|Any CPU
	EndGlobalSection
	GlobalSection(SolutionProperties) = preSolution
		HideSolutionNode = FALSE
	EndGlobalSection
	GlobalSection(ExtensibilityGlobals) = postSolution
		SolutionGuid = {7D39A656-5E34-4B0B-AD05-A7827FE9D963}
	EndGlobalSection
EndGlobal
